
Microsoft Visual Studio Solution File, Format Version 12.00
# Visual Studio Version 17
VisualStudioVersion = 17.5.002.0
MinimumVisualStudioVersion = 10.0.40219.1
Project("{9A19103F-16F7-4668-BE54-9A1E7A4F7556}") = "RazorPagesMovie", "RazorPagesMovie.csproj", "{8DE4F98A-1DE7-45DA-81CB-F30E859EDEB3}"
EndProject
Global
	GlobalSection(SolutionConfigurationPlatforms) = preSolution
		Debug|Any CPU = Debug|Any CPU
		Release|Any CPU = Release|Any CPU
	EndGlobalSection
	GlobalSection(ProjectConfigurationPlatforms) = postSolution
		{8DE4F98A-1DE7-45DA-81CB-F30E859EDEB3}.Debug|Any CPU.ActiveCfg = Debug|Any CPU
		{8DE4F98A-1DE7-45DA-81CB-F30E859EDEB3}.Debug|Any CPU.Build.0 = Debug|Any CPU
		{8DE4F98A-1DE7-45DA-81CB-F30E859EDEB3}.Release|Any CPU.ActiveCfg = Release|Any CPU
		{8DE4F98A-1DE7-45DA-81CB-F30E859EDEB3}.Release|Any CPU.Build.0 = Release|Any CPU
	EndGlobalSection
	GlobalSection(SolutionProperties) = preSolution
		HideSolutionNode = FALSE
	EndGlobalSection
	GlobalSection(ExtensibilityGlobals) = postSolution
		SolutionGuid = {509050F5-580B-4C83-9D67-7FAE249D4CA3}
	EndGlobalSection
EndGlobal
